// !$*UTF8*$!
{
	archiveVersion = 1;
	classes = {
	};
	objectVersion = 55;
	objects = {

/* Begin PBXBuildFile section */
		2DAB3F6E27C909B100CAD4E2 /* AppDelegate.swift in Sources */ = {isa = PBXBuildFile; fileRef = 2DAB3F6D27C909B100CAD4E2 /* AppDelegate.swift */; };
		2DAB3F7027C909B100CAD4E2 /* SceneDelegate.swift in Sources */ = {isa = PBXBuildFile; fileRef = 2DAB3F6F27C909B100CAD4E2 /* SceneDelegate.swift */; };
		2DAB3F7527C909B100CAD4E2 /* Main.storyboard in Resources */ = {isa = PBXBuildFile; fileRef = 2DAB3F7327C909B100CAD4E2 /* Main.storyboard */; };
		2DAB3F7727C909B700CAD4E2 /* Assets.xcassets in Resources */ = {isa = PBXBuildFile; fileRef = 2DAB3F7627C909B700CAD4E2 /* Assets.xcassets */; };
		2DAB3F7A27C909B700CAD4E2 /* LaunchScreen.storyboard in Resources */ = {isa = PBXBuildFile; fileRef = 2DAB3F7827C909B700CAD4E2 /* LaunchScreen.storyboard */; };
		2DAB3F8227C90C7400CAD4E2 /* PlacesTableViewController.swift in Sources */ = {isa = PBXBuildFile; fileRef = 2DAB3F8127C90C7400CAD4E2 /* PlacesTableViewController.swift */; };
		2DAB3FA427CCEE0200CAD4E2 /* PlaceCell.swift in Sources */ = {isa = PBXBuildFile; fileRef = 2DAB3FA327CCEE0200CAD4E2 /* PlaceCell.swift */; };
		2DAB3FA627CCFC2200CAD4E2 /* Place.swift in Sources */ = {isa = PBXBuildFile; fileRef = 2DAB3FA527CCFC2200CAD4E2 /* Place.swift */; };
		2DAB3FA827CD710B00CAD4E2 /* NewPlaceViewController.swift in Sources */ = {isa = PBXBuildFile; fileRef = 2DAB3FA727CD710A00CAD4E2 /* NewPlaceViewController.swift */; };
		2DAB3FAA27CE575800CAD4E2 /* StorageManager.swift in Sources */ = {isa = PBXBuildFile; fileRef = 2DAB3FA927CE575800CAD4E2 /* StorageManager.swift */; };
		2DAEEA3227D8FCC000379F87 /* MapViewController.swift in Sources */ = {isa = PBXBuildFile; fileRef = 2DAEEA3127D8FCC000379F87 /* MapViewController.swift */; };
		2DAEEA3427DA428200379F87 /* MapManager.swift in Sources */ = {isa = PBXBuildFile; fileRef = 2DAEEA3327DA428200379F87 /* MapManager.swift */; };
		2DAEEA3627DB555900379F87 /* AlertService.swift in Sources */ = {isa = PBXBuildFile; fileRef = 2DAEEA3527DB555900379F87 /* AlertService.swift */; };
		2DAEEA3827DBCFAA00379F87 /* UIApplication+topMostViewController.swift in Sources */ = {isa = PBXBuildFile; fileRef = 2DAEEA3727DBCFA900379F87 /* UIApplication+topMostViewController.swift */; };
		2DAEEA3A27DBD02500379F87 /* UIViewController+visibleController.swift in Sources */ = {isa = PBXBuildFile; fileRef = 2DAEEA3927DBD02500379F87 /* UIViewController+visibleController.swift */; };
		2DAEEA3C27DE047D00379F87 /* Data manager.swift in Sources */ = {isa = PBXBuildFile; fileRef = 2DAEEA3B27DE047D00379F87 /* Data manager.swift */; };
		5C3815B8AD5482E320C0FC3A /* Pods_PlacesApp.framework in Frameworks */ = {isa = PBXBuildFile; fileRef = 717E8EEE54D1B758AC784A1E /* Pods_PlacesApp.framework */; };
/* End PBXBuildFile section */

/* Begin PBXFileReference section */
		2DAB3F6A27C909B100CAD4E2 /* PlacesApp.app */ = {isa = PBXFileReference; explicitFileType = wrapper.application; includeInIndex = 0; path = PlacesApp.app; sourceTree = BUILT_PRODUCTS_DIR; };
		2DAB3F6D27C909B100CAD4E2 /* AppDelegate.swift */ = {isa = PBXFileReference; lastKnownFileType = sourcecode.swift; path = AppDelegate.swift; sourceTree = "<group>"; };
		2DAB3F6F27C909B100CAD4E2 /* SceneDelegate.swift */ = {isa = PBXFileReference; lastKnownFileType = sourcecode.swift; path = SceneDelegate.swift; sourceTree = "<group>"; };
		2DAB3F7427C909B100CAD4E2 /* Base */ = {isa = PBXFileReference; lastKnownFileType = file.storyboard; name = Base; path = Base.lproj/Main.storyboard; sourceTree = "<group>"; };
		2DAB3F7627C909B700CAD4E2 /* Assets.xcassets */ = {isa = PBXFileReference; lastKnownFileType = folder.assetcatalog; path = Assets.xcassets; sourceTree = "<group>"; };
		2DAB3F7927C909B700CAD4E2 /* Base */ = {isa = PBXFileReference; lastKnownFileType = file.storyboard; name = Base; path = Base.lproj/LaunchScreen.storyboard; sourceTree = "<group>"; };
		2DAB3F7B27C909B700CAD4E2 /* Info.plist */ = {isa = PBXFileReference; lastKnownFileType = text.plist.xml; path = Info.plist; sourceTree = "<group>"; };
		2DAB3F8127C90C7400CAD4E2 /* PlacesTableViewController.swift */ = {isa = PBXFileReference; lastKnownFileType = sourcecode.swift; path = PlacesTableViewController.swift; sourceTree = "<group>"; };
		2DAB3FA327CCEE0200CAD4E2 /* PlaceCell.swift */ = {isa = PBXFileReference; lastKnownFileType = sourcecode.swift; path = PlaceCell.swift; sourceTree = "<group>"; };
		2DAB3FA527CCFC2200CAD4E2 /* Place.swift */ = {isa = PBXFileReference; lastKnownFileType = sourcecode.swift; path = Place.swift; sourceTree = "<group>"; };
		2DAB3FA727CD710A00CAD4E2 /* NewPlaceViewController.swift */ = {isa = PBXFileReference; lastKnownFileType = sourcecode.swift; path = NewPlaceViewController.swift; sourceTree = "<group>"; };
		2DAB3FA927CE575800CAD4E2 /* StorageManager.swift */ = {isa = PBXFileReference; lastKnownFileType = sourcecode.swift; path = StorageManager.swift; sourceTree = "<group>"; };
		2DAEEA3127D8FCC000379F87 /* MapViewController.swift */ = {isa = PBXFileReference; lastKnownFileType = sourcecode.swift; path = MapViewController.swift; sourceTree = "<group>"; };
		2DAEEA3327DA428200379F87 /* MapManager.swift */ = {isa = PBXFileReference; lastKnownFileType = sourcecode.swift; path = MapManager.swift; sourceTree = "<group>"; };
		2DAEEA3527DB555900379F87 /* AlertService.swift */ = {isa = PBXFileReference; lastKnownFileType = sourcecode.swift; path = AlertService.swift; sourceTree = "<group>"; };
		2DAEEA3727DBCFA900379F87 /* UIApplication+topMostViewController.swift */ = {isa = PBXFileReference; lastKnownFileType = sourcecode.swift; path = "UIApplication+topMostViewController.swift"; sourceTree = "<group>"; };
		2DAEEA3927DBD02500379F87 /* UIViewController+visibleController.swift */ = {isa = PBXFileReference; lastKnownFileType = sourcecode.swift; path = "UIViewController+visibleController.swift"; sourceTree = "<group>"; };
		2DAEEA3B27DE047D00379F87 /* Data manager.swift */ = {isa = PBXFileReference; lastKnownFileType = sourcecode.swift; path = "Data manager.swift"; sourceTree = "<group>"; };
		2FA7DCC3A55BD27E58E322D6 /* Pods-PlacesApp.debug.xcconfig */ = {isa = PBXFileReference; includeInIndex = 1; lastKnownFileType = text.xcconfig; name = "Pods-PlacesApp.debug.xcconfig"; path = "Target Support Files/Pods-PlacesApp/Pods-PlacesApp.debug.xcconfig"; sourceTree = "<group>"; };
		717E8EEE54D1B758AC784A1E /* Pods_PlacesApp.framework */ = {isa = PBXFileReference; explicitFileType = wrapper.framework; includeInIndex = 0; path = Pods_PlacesApp.framework; sourceTree = BUILT_PRODUCTS_DIR; };
		EDDC345ED9A2BED78D98C226 /* Pods-PlacesApp.release.xcconfig */ = {isa = PBXFileReference; includeInIndex = 1; lastKnownFileType = text.xcconfig; name = "Pods-PlacesApp.release.xcconfig"; path = "Target Support Files/Pods-PlacesApp/Pods-PlacesApp.release.xcconfig"; sourceTree = "<group>"; };
/* End PBXFileReference section */

/* Begin PBXFrameworksBuildPhase section */
		2DAB3F6727C909B100CAD4E2 /* Frameworks */ = {
			isa = PBXFrameworksBuildPhase;
			buildActionMask = 2147483647;
			files = (
				5C3815B8AD5482E320C0FC3A /* Pods_PlacesApp.framework in Frameworks */,
			);
			runOnlyForDeploymentPostprocessing = 0;
		};
/* End PBXFrameworksBuildPhase section */

/* Begin PBXGroup section */
		2DAB3F6127C909B100CAD4E2 = {
			isa = PBXGroup;
			children = (
				2DAB3F6C27C909B100CAD4E2 /* PlacesApp */,
				2DAB3F6B27C909B100CAD4E2 /* Products */,
				5BFF4941215435219FF4B94D /* Pods */,
				31DE7A5C035E00B1277C91B9 /* Frameworks */,
			);
			sourceTree = "<group>";
		};
		2DAB3F6B27C909B100CAD4E2 /* Products */ = {
			isa = PBXGroup;
			children = (
				2DAB3F6A27C909B100CAD4E2 /* PlacesApp.app */,
			);
			name = Products;
			sourceTree = "<group>";
		};
		2DAB3F6C27C909B100CAD4E2 /* PlacesApp */ = {
			isa = PBXGroup;
			children = (
				2DAB3F6D27C909B100CAD4E2 /* AppDelegate.swift */,
				2DAB3F8127C90C7400CAD4E2 /* PlacesTableViewController.swift */,
				2DAB3FA527CCFC2200CAD4E2 /* Place.swift */,
				2DAEEA3B27DE047D00379F87 /* Data manager.swift */,
				2DAB3FA927CE575800CAD4E2 /* StorageManager.swift */,
				2DAB3F6F27C909B100CAD4E2 /* SceneDelegate.swift */,
				2DAB3F7327C909B100CAD4E2 /* Main.storyboard */,
				2DAEEA3127D8FCC000379F87 /* MapViewController.swift */,
				2DAEEA3327DA428200379F87 /* MapManager.swift */,
				2DAEEA3527DB555900379F87 /* AlertService.swift */,
				2DAEEA3727DBCFA900379F87 /* UIApplication+topMostViewController.swift */,
				2DAEEA3927DBD02500379F87 /* UIViewController+visibleController.swift */,
				2DAB3FA727CD710A00CAD4E2 /* NewPlaceViewController.swift */,
				2DAB3FA327CCEE0200CAD4E2 /* PlaceCell.swift */,
				2DAB3F7627C909B700CAD4E2 /* Assets.xcassets */,
				2DAB3F7827C909B700CAD4E2 /* LaunchScreen.storyboard */,
				2DAB3F7B27C909B700CAD4E2 /* Info.plist */,
			);
			path = PlacesApp;
			sourceTree = "<group>";
		};
		31DE7A5C035E00B1277C91B9 /* Frameworks */ = {
			isa = PBXGroup;
			children = (
				717E8EEE54D1B758AC784A1E /* Pods_PlacesApp.framework */,
			);
			name = Frameworks;
			sourceTree = "<group>";
		};
		5BFF4941215435219FF4B94D /* Pods */ = {
			isa = PBXGroup;
			children = (
				2FA7DCC3A55BD27E58E322D6 /* Pods-PlacesApp.debug.xcconfig */,
				EDDC345ED9A2BED78D98C226 /* Pods-PlacesApp.release.xcconfig */,
			);
			path = Pods;
			sourceTree = "<group>";
		};
/* End PBXGroup section */

/* Begin PBXNativeTarget section */
		2DAB3F6927C909B100CAD4E2 /* PlacesApp */ = {
			isa = PBXNativeTarget;
			buildConfigurationList = 2DAB3F7E27C909B700CAD4E2 /* Build configuration list for PBXNativeTarget "PlacesApp" */;
			buildPhases = (
				D1AFA1A26C83B5E8C6DB9AC0 /* [CP] Check Pods Manifest.lock */,
				2DAB3F6627C909B100CAD4E2 /* Sources */,
				2DAB3F6727C909B100CAD4E2 /* Frameworks */,
				2DAB3F6827C909B100CAD4E2 /* Resources */,
				B7199C3915161C9046521ADC /* [CP] Embed Pods Frameworks */,
			);
			buildRules = (
			);
			dependencies = (
			);
			name = PlacesApp;
			productName = PlacesApp;
			productReference = 2DAB3F6A27C909B100CAD4E2 /* PlacesApp.app */;
			productType = "com.apple.product-type.application";
		};
/* End PBXNativeTarget section */

/* Begin PBXProject section */
		2DAB3F6227C909B100CAD4E2 /* Project object */ = {
			isa = PBXProject;
			attributes = {
				BuildIndependentTargetsInParallel = 1;
				LastSwiftUpdateCheck = 1320;
				LastUpgradeCheck = 1320;
				TargetAttributes = {
					2DAB3F6927C909B100CAD4E2 = {
						CreatedOnToolsVersion = 13.2.1;
					};
				};
			};
			buildConfigurationList = 2DAB3F6527C909B100CAD4E2 /* Build configuration list for PBXProject "PlacesApp" */;
			compatibilityVersion = "Xcode 13.0";
			developmentRegion = en;
			hasScannedForEncodings = 0;
			knownRegions = (
				en,
				Base,
			);
			mainGroup = 2DAB3F6127C909B100CAD4E2;
			productRefGroup = 2DAB3F6B27C909B100CAD4E2 /* Products */;
			projectDirPath = "";
			projectRoot = "";
			targets = (
				2DAB3F6927C909B100CAD4E2 /* PlacesApp */,
			);
		};
/* End PBXProject section */

/* Begin PBXResourcesBuildPhase section */
		2DAB3F6827C909B100CAD4E2 /* Resources */ = {
			isa = PBXResourcesBuildPhase;
			buildActionMask = 2147483647;
			files = (
				2DAB3F7A27C909B700CAD4E2 /* LaunchScreen.storyboard in Resources */,
				2DAB3F7727C909B700CAD4E2 /* Assets.xcassets in Resources */,
				2DAB3F7527C909B100CAD4E2 /* Main.storyboard in Resources */,
			);
			runOnlyForDeploymentPostprocessing = 0;
		};
/* End PBXResourcesBuildPhase section */

/* Begin PBXShellScriptBuildPhase section */
		B7199C3915161C9046521ADC /* [CP] Embed Pods Frameworks */ = {
			isa = PBXShellScriptBuildPhase;
			buildActionMask = 2147483647;
			files = (
			);
			inputFileListPaths = (
				"${PODS_ROOT}/Target Support Files/Pods-PlacesApp/Pods-PlacesApp-frameworks-${CONFIGURATION}-input-files.xcfilelist",
			);
			name = "[CP] Embed Pods Frameworks";
			outputFileListPaths = (
				"${PODS_ROOT}/Target Support Files/Pods-PlacesApp/Pods-PlacesApp-frameworks-${CONFIGURATION}-output-files.xcfilelist",
			);
			runOnlyForDeploymentPostprocessing = 0;
			shellPath = /bin/sh;
			shellScript = "\"${PODS_ROOT}/Target Support Files/Pods-PlacesApp/Pods-PlacesApp-frameworks.sh\"\n";
			showEnvVarsInLog = 0;
		};
		D1AFA1A26C83B5E8C6DB9AC0 /* [CP] Check Pods Manifest.lock */ = {
			isa = PBXShellScriptBuildPhase;
			buildActionMask = 2147483647;
			files = (
			);
			inputFileListPaths = (
			);
			inputPaths = (
				"${PODS_PODFILE_DIR_PATH}/Podfile.lock",
				"${PODS_ROOT}/Manifest.lock",
			);
			name = "[CP] Check Pods Manifest.lock";
			outputFileListPaths = (
			);
			outputPaths = (
				"$(DERIVED_FILE_DIR)/Pods-PlacesApp-checkManifestLockResult.txt",
			);
			runOnlyForDeploymentPostprocessing = 0;
			shellPath = /bin/sh;
			shellScript = "diff \"${PODS_PODFILE_DIR_PATH}/Podfile.lock\" \"${PODS_ROOT}/Manifest.lock\" > /dev/null\nif [ $? != 0 ] ; then\n    # print error to STDERR\n    echo \"error: The sandbox is not in sync with the Podfile.lock. Run 'pod install' or update your CocoaPods installation.\" >&2\n    exit 1\nfi\n# This output is used by Xcode 'outputs' to avoid re-running this script phase.\necho \"SUCCESS\" > \"${SCRIPT_OUTPUT_FILE_0}\"\n";
			showEnvVarsInLog = 0;
		};
/* End PBXShellScriptBuildPhase section */

/* Begin PBXSourcesBuildPhase section */
		2DAB3F6627C909B100CAD4E2 /* Sources */ = {
			isa = PBXSourcesBuildPhase;
			buildActionMask = 2147483647;
			files = (
				2DAEEA3A27DBD02500379F87 /* UIViewController+visibleController.swift in Sources */,
				2DAEEA3627DB555900379F87 /* AlertService.swift in Sources */,
				2DAB3F6E27C909B100CAD4E2 /* AppDelegate.swift in Sources */,
				2DAB3FA827CD710B00CAD4E2 /* NewPlaceViewController.swift in Sources */,
				2DAB3F7027C909B100CAD4E2 /* SceneDelegate.swift in Sources */,
				2DAEEA3227D8FCC000379F87 /* MapViewController.swift in Sources */,
				2DAEEA3827DBCFAA00379F87 /* UIApplication+topMostViewController.swift in Sources */,
				2DAB3FAA27CE575800CAD4E2 /* StorageManager.swift in Sources */,
				2DAEEA3C27DE047D00379F87 /* Data manager.swift in Sources */,
				2DAEEA3427DA428200379F87 /* MapManager.swift in Sources */,
				2DAB3F8227C90C7400CAD4E2 /* PlacesTableViewController.swift in Sources */,
				2DAB3FA427CCEE0200CAD4E2 /* PlaceCell.swift in Sources */,
				2DAB3FA627CCFC2200CAD4E2 /* Place.swift in Sources */,
			);
			runOnlyForDeploymentPostprocessing = 0;
		};
/* End PBXSourcesBuildPhase section */

/* Begin PBXVariantGroup section */
		2DAB3F7327C909B100CAD4E2 /* Main.storyboard */ = {
			isa = PBXVariantGroup;
			children = (
				2DAB3F7427C909B100CAD4E2 /* Base */,
			);
			name = Main.storyboard;
			sourceTree = "<group>";
		};
		2DAB3F7827C909B700CAD4E2 /* LaunchScreen.storyboard */ = {
			isa = PBXVariantGroup;
			children = (
				2DAB3F7927C909B700CAD4E2 /* Base */,
			);
			name = LaunchScreen.storyboard;
			sourceTree = "<group>";
		};
/* End PBXVariantGroup section */

/* Begin XCBuildConfiguration section */
		2DAB3F7C27C909B700CAD4E2 /* Debug */ = {
			isa = XCBuildConfiguration;
			buildSettings = {
				ALWAYS_SEARCH_USER_PATHS = NO;
				CLANG_ANALYZER_NONNULL = YES;
				CLANG_ANALYZER_NUMBER_OBJECT_CONVERSION = YES_AGGRESSIVE;
				CLANG_CXX_LANGUAGE_STANDARD = "gnu++17";
				CLANG_CXX_LIBRARY = "libc++";
				CLANG_ENABLE_MODULES = YES;
				CLANG_ENABLE_OBJC_ARC = YES;
				CLANG_ENABLE_OBJC_WEAK = YES;
				CLANG_WARN_BLOCK_CAPTURE_AUTORELEASING = YES;
				CLANG_WARN_BOOL_CONVERSION = YES;
				CLANG_WARN_COMMA = YES;
				CLANG_WARN_CONSTANT_CONVERSION = YES;
				CLANG_WARN_DEPRECATED_OBJC_IMPLEMENTATIONS = YES;
				CLANG_WARN_DIRECT_OBJC_ISA_USAGE = YES_ERROR;
				CLANG_WARN_DOCUMENTATION_COMMENTS = YES;
				CLANG_WARN_EMPTY_BODY = YES;
				CLANG_WARN_ENUM_CONVERSION = YES;
				CLANG_WARN_INFINITE_RECURSION = YES;
				CLANG_WARN_INT_CONVERSION = YES;
				CLANG_WARN_NON_LITERAL_NULL_CONVERSION = YES;
				CLANG_WARN_OBJC_IMPLICIT_RETAIN_SELF = YES;
				CLANG_WARN_OBJC_LITERAL_CONVERSION = YES;
				CLANG_WARN_OBJC_ROOT_CLASS = YES_ERROR;
				CLANG_WARN_QUOTED_INCLUDE_IN_FRAMEWORK_HEADER = YES;
				CLANG_WARN_RANGE_LOOP_ANALYSIS = YES;
				CLANG_WARN_STRICT_PROTOTYPES = YES;
				CLANG_WARN_SUSPICIOUS_MOVE = YES;
				CLANG_WARN_UNGUARDED_AVAILABILITY = YES_AGGRESSIVE;
				CLANG_WARN_UNREACHABLE_CODE = YES;
				CLANG_WARN__DUPLICATE_METHOD_MATCH = YES;
				COPY_PHASE_STRIP = NO;
				DEBUG_INFORMATION_FORMAT = dwarf;
				ENABLE_STRICT_OBJC_MSGSEND = YES;
				ENABLE_TESTABILITY = YES;
				GCC_C_LANGUAGE_STANDARD = gnu11;
				GCC_DYNAMIC_NO_PIC = NO;
				GCC_NO_COMMON_BLOCKS = YES;
				GCC_OPTIMIZATION_LEVEL = 0;
				GCC_PREPROCESSOR_DEFINITIONS = (
					"DEBUG=1",
					"$(inherited)",
				);
				GCC_WARN_64_TO_32_BIT_CONVERSION = YES;
				GCC_WARN_ABOUT_RETURN_TYPE = YES_ERROR;
				GCC_WARN_UNDECLARED_SELECTOR = YES;
				GCC_WARN_UNINITIALIZED_AUTOS = YES_AGGRESSIVE;
				GCC_WARN_UNUSED_FUNCTION = YES;
				GCC_WARN_UNUSED_VARIABLE = YES;
				IPHONEOS_DEPLOYMENT_TARGET = 15.0;
				MTL_ENABLE_DEBUG_INFO = INCLUDE_SOURCE;
				MTL_FAST_MATH = YES;
				ONLY_ACTIVE_ARCH = YES;
				SDKROOT = iphoneos;
				SWIFT_ACTIVE_COMPILATION_CONDITIONS = DEBUG;
				SWIFT_OPTIMIZATION_LEVEL = "-Onone";
			};
			name = Debug;
		};
		2DAB3F7D27C909B700CAD4E2 /* Release */ = {
			isa = XCBuildConfiguration;
			buildSettings = {
				ALWAYS_SEARCH_USER_PATHS = NO;
				CLANG_ANALYZER_NONNULL = YES;
				CLANG_ANALYZER_NUMBER_OBJECT_CONVERSION = YES_AGGRESSIVE;
				CLANG_CXX_LANGUAGE_STANDARD = "gnu++17";
				CLANG_CXX_LIBRARY = "libc++";
				CLANG_ENABLE_MODULES = YES;
				CLANG_ENABLE_OBJC_ARC = YES;
				CLANG_ENABLE_OBJC_WEAK = YES;
				CLANG_WARN_BLOCK_CAPTURE_AUTORELEASING = YES;
				CLANG_WARN_BOOL_CONVERSION = YES;
				CLANG_WARN_COMMA = YES;
				CLANG_WARN_CONSTANT_CONVERSION = YES;
				CLANG_WARN_DEPRECATED_OBJC_IMPLEMENTATIONS = YES;
				CLANG_WARN_DIRECT_OBJC_ISA_USAGE = YES_ERROR;
				CLANG_WARN_DOCUMENTATION_COMMENTS = YES;
				CLANG_WARN_EMPTY_BODY = YES;
				CLANG_WARN_ENUM_CONVERSION = YES;
				CLANG_WARN_INFINITE_RECURSION = YES;
				CLANG_WARN_INT_CONVERSION = YES;
				CLANG_WARN_NON_LITERAL_NULL_CONVERSION = YES;
				CLANG_WARN_OBJC_IMPLICIT_RETAIN_SELF = YES;
				CLANG_WARN_OBJC_LITERAL_CONVERSION = YES;
				CLANG_WARN_OBJC_ROOT_CLASS = YES_ERROR;
				CLANG_WARN_QUOTED_INCLUDE_IN_FRAMEWORK_HEADER = YES;
				CLANG_WARN_RANGE_LOOP_ANALYSIS = YES;
				CLANG_WARN_STRICT_PROTOTYPES = YES;
				CLANG_WARN_SUSPICIOUS_MOVE = YES;
				CLANG_WARN_UNGUARDED_AVAILABILITY = YES_AGGRESSIVE;
				CLANG_WARN_UNREACHABLE_CODE = YES;
				CLANG_WARN__DUPLICATE_METHOD_MATCH = YES;
				COPY_PHASE_STRIP = NO;
				DEBUG_INFORMATION_FORMAT = "dwarf-with-dsym";
				ENABLE_NS_ASSERTIONS = NO;
				ENABLE_STRICT_OBJC_MSGSEND = YES;
				GCC_C_LANGUAGE_STANDARD = gnu11;
				GCC_NO_COMMON_BLOCKS = YES;
				GCC_WARN_64_TO_32_BIT_CONVERSION = YES;
				GCC_WARN_ABOUT_RETURN_TYPE = YES_ERROR;
				GCC_WARN_UNDECLARED_SELECTOR = YES;
				GCC_WARN_UNINITIALIZED_AUTOS = YES_AGGRESSIVE;
				GCC_WARN_UNUSED_FUNCTION = YES;
				GCC_WARN_UNUSED_VARIABLE = YES;
				IPHONEOS_DEPLOYMENT_TARGET = 15.0;
				MTL_ENABLE_DEBUG_INFO = NO;
				MTL_FAST_MATH = YES;
				SDKROOT = iphoneos;
				SWIFT_COMPILATION_MODE = wholemodule;
				SWIFT_OPTIMIZATION_LEVEL = "-O";
				VALIDATE_PRODUCT = YES;
			};
			name = Release;
		};
		2DAB3F7F27C909B700CAD4E2 /* Debug */ = {
			isa = XCBuildConfiguration;
			baseConfigurationReference = 2FA7DCC3A55BD27E58E322D6 /* Pods-PlacesApp.debug.xcconfig */;
			buildSettings = {
				ASSETCATALOG_COMPILER_APPICON_NAME = AppIcon;
				ASSETCATALOG_COMPILER_GLOBAL_ACCENT_COLOR_NAME = AccentColor;
				CODE_SIGN_STYLE = Automatic;
				CURRENT_PROJECT_VERSION = 1;
				DEVELOPMENT_TEAM = HUN84826YQ;
				GENERATE_INFOPLIST_FILE = YES;
				INFOPLIST_FILE = PlacesApp/Info.plist;
				INFOPLIST_KEY_UIApplicationSupportsIndirectInputEvents = YES;
				INFOPLIST_KEY_UILaunchStoryboardName = LaunchScreen;
				INFOPLIST_KEY_UIMainStoryboardFile = Main;
				INFOPLIST_KEY_UISupportedInterfaceOrientations = UIInterfaceOrientationPortrait;
				INFOPLIST_KEY_UISupportedInterfaceOrientations_iPad = "UIInterfaceOrientationPortrait UIInterfaceOrientationPortraitUpsideDown UIInterfaceOrientationLandscapeLeft UIInterfaceOrientationLandscapeRight";
				INFOPLIST_KEY_UISupportedInterfaceOrientations_iPhone = "UIInterfaceOrientationPortrait UIInterfaceOrientationLandscapeLeft UIInterfaceOrientationLandscapeRight";
				IPHONEOS_DEPLOYMENT_TARGET = 15.0;
				LD_RUNPATH_SEARCH_PATHS = (
					"$(inherited)",
					"@executable_path/Frameworks",
				);
				MARKETING_VERSION = 1.0;
				PRODUCT_BUNDLE_IDENTIFIER = ru.awesome.PlacesApp;
				PRODUCT_NAME = "$(TARGET_NAME)";
				SWIFT_EMIT_LOC_STRINGS = YES;
				SWIFT_VERSION = 5.0;
				TARGETED_DEVICE_FAMILY = 1;
			};
			name = Debug;
		};
		2DAB3F8027C909B700CAD4E2 /* Release */ = {
			isa = XCBuildConfiguration;
			baseConfigurationReference = EDDC345ED9A2BED78D98C226 /* Pods-PlacesApp.release.xcconfig */;
			buildSettings = {
				ASSETCATALOG_COMPILER_APPICON_NAME = AppIcon;
				ASSETCATALOG_COMPILER_GLOBAL_ACCENT_COLOR_NAME = AccentColor;
				CODE_SIGN_STYLE = Automatic;
				CURRENT_PROJECT_VERSION = 1;
				DEVELOPMENT_TEAM = HUN84826YQ;
				GENERATE_INFOPLIST_FILE = YES;
				INFOPLIST_FILE = PlacesApp/Info.plist;
				INFOPLIST_KEY_UIApplicationSupportsIndirectInputEvents = YES;
				INFOPLIST_KEY_UILaunchStoryboardName = LaunchScreen;
				INFOPLIST_KEY_UIMainStoryboardFile = Main;
				INFOPLIST_KEY_UISupportedInterfaceOrientations = UIInterfaceOrientationPortrait;
				INFOPLIST_KEY_UISupportedInterfaceOrientations_iPad = "UIInterfaceOrientationPortrait UIInterfaceOrientationPortraitUpsideDown UIInterfaceOrientationLandscapeLeft UIInterfaceOrientationLandscapeRight";
				INFOPLIST_KEY_UISupportedInterfaceOrientations_iPhone = "UIInterfaceOrientationPortrait UIInterfaceOrientationLandscapeLeft UIInterfaceOrientationLandscapeRight";
				IPHONEOS_DEPLOYMENT_TARGET = 15.0;
				LD_RUNPATH_SEARCH_PATHS = (
					"$(inherited)",
					"@executable_path/Frameworks",
				);
				MARKETING_VERSION = 1.0;
				PRODUCT_BUNDLE_IDENTIFIER = ru.awesome.PlacesApp;
				PRODUCT_NAME = "$(TARGET_NAME)";
				SWIFT_EMIT_LOC_STRINGS = YES;
				SWIFT_VERSION = 5.0;
				TARGETED_DEVICE_FAMILY = 1;
			};
			name = Release;
		};
/* End XCBuildConfiguration section */

/* Begin XCConfigurationList section */
		2DAB3F6527C909B100CAD4E2 /* Build configuration list for PBXProject "PlacesApp" */ = {
			isa = XCConfigurationList;
			buildConfigurations = (
				2DAB3F7C27C909B700CAD4E2 /* Debug */,
				2DAB3F7D27C909B700CAD4E2 /* Release */,
			);
			defaultConfigurationIsVisible = 0;
			defaultConfigurationName = Release;
		};
		2DAB3F7E27C909B700CAD4E2 /* Build configuration list for PBXNativeTarget "PlacesApp" */ = {
			isa = XCConfigurationList;
			buildConfigurations = (
				2DAB3F7F27C909B700CAD4E2 /* Debug */,
				2DAB3F8027C909B700CAD4E2 /* Release */,
			);
			defaultConfigurationIsVisible = 0;
			defaultConfigurationName = Release;
		};
/* End XCConfigurationList section */
	};
	rootObject = 2DAB3F6227C909B100CAD4E2 /* Project object */;
}
